
Microsoft Visual Studio Solution File, Format Version 12.00
# Visual Studio Version 17
VisualStudioVersion = 17.5.002.0
MinimumVisualStudioVersion = 10.0.40219.1
Project("{9A19103F-16F7-4668-BE54-9A1E7A4F7556}") = "simulated-device", "simulated-device.csproj", "{408CBD46-15C5-4E6B-BEE3-A45FF1F551A2}"
EndProject
Global
	GlobalSection(SolutionConfigurationPlatforms) = preSolution
		Debug|Any CPU = Debug|Any CPU
		Release|Any CPU = Release|Any CPU
	EndGlobalSection
	GlobalSection(ProjectConfigurationPlatforms) = postSolution
		{408CBD46-15C5-4E6B-BEE3-A45FF1F551A2}.Debug|Any CPU.ActiveCfg = Debug|Any CPU
		{408CBD46-15C5-4E6B-BEE3-A45FF1F551A2}.Debug|Any CPU.Build.0 = Debug|Any CPU
		{408CBD46-15C5-4E6B-BEE3-A45FF1F551A2}.Release|Any CPU.ActiveCfg = Release|Any CPU
		{408CBD46-15C5-4E6B-BEE3-A45FF1F551A2}.Release|Any CPU.Build.0 = Release|Any CPU
	EndGlobalSection
	GlobalSection(SolutionProperties) = preSolution
		HideSolutionNode = FALSE
	EndGlobalSection
	GlobalSection(ExtensibilityGlobals) = postSolution
		SolutionGuid = {FCC09B75-8C10-451F-B32C-661F85177A54}
	EndGlobalSection
EndGlobal
